%{
  "earmark": {:hex, :earmark, "1.2.3", "206eb2e2ac1a794aa5256f3982de7a76bf4579ff91cb28d0e17ea2c9491e46a4", [:mix], [], "hexpm"},
  "ex_doc": {:hex, :ex_doc, "0.18.1", "37c69d2ef62f24928c1f4fdc7c724ea04aecfdf500c4329185f8e3649c915baf", [:mix], [{:earmark, "~> 1.1", [hex: :earmark, repo: "hexpm", optional: false]}], "hexpm"},
  "fast_ensure_loaded": {:hex, :fast_ensure_loaded, "0.1.0", "f988c89a1e4f86d8781a2c12c60cd43772e408d0855dc487cdbcc2dc458513b5", [:mix], [{:fastglobal, "~> 1.0", [hex: :fastglobal, repo: "hexpm", optional: false]}], "hexpm"},
  "fastglobal": {:hex, :fastglobal, "1.0.0", "f3133a0cda8e9408aac7281ec579c4b4a8386ce0e99ca55f746b9f58192f455b", [:mix], [], "hexpm"},
}
